
Microsoft Visual Studio Solution File, Format Version 12.00
# Visual Studio Version 17
VisualStudioVersion = 17.9.34723.18
MinimumVisualStudioVersion = 10.0.40219.1
Project("{FAE04EC0-301F-11D3-BF4B-00C04F79EFBC}") = "Punto de venta", "Punto de venta.csproj", "{FC994D65-F293-4530-9C87-EE6AD47224F0}"
EndProject
Global
	GlobalSection(SolutionConfigurationPlatforms) = preSolution
		Debug|Any CPU = Debug|Any CPU
		Release|Any CPU = Release|Any CPU
	EndGlobalSection
	GlobalSection(ProjectConfigurationPlatforms) = postSolution
		{FC994D65-F293-4530-9C87-EE6AD47224F0}.Debug|Any CPU.ActiveCfg = Debug|Any CPU
		{FC994D65-F293-4530-9C87-EE6AD47224F0}.Debug|Any CPU.Build.0 = Debug|Any CPU
		{FC994D65-F293-4530-9C87-EE6AD47224F0}.Release|Any CPU.ActiveCfg = Release|Any CPU
		{FC994D65-F293-4530-9C87-EE6AD47224F0}.Release|Any CPU.Build.0 = Release|Any CPU
	EndGlobalSection
	GlobalSection(SolutionProperties) = preSolution
		HideSolutionNode = FALSE
	EndGlobalSection
	GlobalSection(ExtensibilityGlobals) = postSolution
		SolutionGuid = {5C201DD1-09AC-4585-88E3-7D14FE26ABA2}
	EndGlobalSection
EndGlobal
